
Microsoft Visual Studio Solution File, Format Version 12.00
# Visual Studio Version 17
VisualStudioVersion = 17.6.33815.320
MinimumVisualStudioVersion = 10.0.40219.1
Project("{9A19103F-16F7-4668-BE54-9A1E7A4F7556}") = "CleanArchitecture.Infraestructure", "CleanArchitecture.Data\CleanArchitecture.Infraestructure.csproj", "{E99C2869-2819-45FD-8D31-C7F59339C3F5}"
EndProject
Project("{9A19103F-16F7-4668-BE54-9A1E7A4F7556}") = "CleanArchitecture.Domain", "CleanArchitecture.Domain\CleanArchitecture.Domain.csproj", "{34569157-E93E-4087-947A-9E1F36945098}"
EndProject
Project("{2150E333-8FDC-42A3-9474-1A3956D46DE8}") = "src", "src", "{EE70E2C0-B2C2-4371-9B35-1409779764AF}"
EndProject
Project("{2150E333-8FDC-42A3-9474-1A3956D46DE8}") = "doc", "doc", "{34811443-DA66-4042-A8B4-8021D2D411C9}"
EndProject
Project("{2150E333-8FDC-42A3-9474-1A3956D46DE8}") = "test", "test", "{4EDDF6A7-C2C0-4E76-8893-33F887C0075B}"
EndProject
Project("{2150E333-8FDC-42A3-9474-1A3956D46DE8}") = "API", "API", "{0DF6EBB5-04EC-4895-911A-1894C0BC9027}"
EndProject
Project("{2150E333-8FDC-42A3-9474-1A3956D46DE8}") = "Core", "Core", "{7A69DF6E-18D5-4C06-A1E4-BB0F2AB2B6AE}"
EndProject
Project("{2150E333-8FDC-42A3-9474-1A3956D46DE8}") = "Infraestructure", "Infraestructure", "{930E6401-6C9E-4C92-8524-5B9D51EB95A6}"
EndProject
Project("{9A19103F-16F7-4668-BE54-9A1E7A4F7556}") = "CleanArchitecture.API", "CleanArchitecture.API\CleanArchitecture.API.csproj", "{E5F8782D-E92D-4F26-A400-0439400FF8D0}"
EndProject
Project("{9A19103F-16F7-4668-BE54-9A1E7A4F7556}") = "CleanArchitecture.Application", "CleanArchitecture.Application\CleanArchitecture.Application.csproj", "{42E9EFB4-22C3-405F-BA7E-CA24105BFCB8}"
EndProject
Project("{9A19103F-16F7-4668-BE54-9A1E7A4F7556}") = "CleanArchitecture.Identity", "CleanArchitecture.Identity\CleanArchitecture.Identity.csproj", "{90402852-B9FB-488C-ABA9-0C6DA4D58333}"
EndProject
Project("{FAE04EC0-301F-11D3-BF4B-00C04F79EFBC}") = "CleanArchitecture.Application.UnitTests", "CleanArchitecture.Application.UnitTests\CleanArchitecture.Application.UnitTests.csproj", "{B28979B0-B655-4F15-8B62-00B8080AD974}"
EndProject
Global
	GlobalSection(SolutionConfigurationPlatforms) = preSolution
		Debug|Any CPU = Debug|Any CPU
		Release|Any CPU = Release|Any CPU
	EndGlobalSection
	GlobalSection(ProjectConfigurationPlatforms) = postSolution
		{E99C2869-2819-45FD-8D31-C7F59339C3F5}.Debug|Any CPU.ActiveCfg = Debug|Any CPU
		{E99C2869-2819-45FD-8D31-C7F59339C3F5}.Debug|Any CPU.Build.0 = Debug|Any CPU
		{E99C2869-2819-45FD-8D31-C7F59339C3F5}.Release|Any CPU.ActiveCfg = Release|Any CPU
		{E99C2869-2819-45FD-8D31-C7F59339C3F5}.Release|Any CPU.Build.0 = Release|Any CPU
		{34569157-E93E-4087-947A-9E1F36945098}.Debug|Any CPU.ActiveCfg = Debug|Any CPU
		{34569157-E93E-4087-947A-9E1F36945098}.Debug|Any CPU.Build.0 = Debug|Any CPU
		{34569157-E93E-4087-947A-9E1F36945098}.Release|Any CPU.ActiveCfg = Release|Any CPU
		{34569157-E93E-4087-947A-9E1F36945098}.Release|Any CPU.Build.0 = Release|Any CPU
		{E5F8782D-E92D-4F26-A400-0439400FF8D0}.Debug|Any CPU.ActiveCfg = Debug|Any CPU
		{E5F8782D-E92D-4F26-A400-0439400FF8D0}.Debug|Any CPU.Build.0 = Debug|Any CPU
		{E5F8782D-E92D-4F26-A400-0439400FF8D0}.Release|Any CPU.ActiveCfg = Release|Any CPU
		{E5F8782D-E92D-4F26-A400-0439400FF8D0}.Release|Any CPU.Build.0 = Release|Any CPU
		{42E9EFB4-22C3-405F-BA7E-CA24105BFCB8}.Debug|Any CPU.ActiveCfg = Debug|Any CPU
		{42E9EFB4-22C3-405F-BA7E-CA24105BFCB8}.Debug|Any CPU.Build.0 = Debug|Any CPU
		{42E9EFB4-22C3-405F-BA7E-CA24105BFCB8}.Release|Any CPU.ActiveCfg = Release|Any CPU
		{42E9EFB4-22C3-405F-BA7E-CA24105BFCB8}.Release|Any CPU.Build.0 = Release|Any CPU
		{90402852-B9FB-488C-ABA9-0C6DA4D58333}.Debug|Any CPU.ActiveCfg = Debug|Any CPU
		{90402852-B9FB-488C-ABA9-0C6DA4D58333}.Debug|Any CPU.Build.0 = Debug|Any CPU
		{90402852-B9FB-488C-ABA9-0C6DA4D58333}.Release|Any CPU.ActiveCfg = Release|Any CPU
		{90402852-B9FB-488C-ABA9-0C6DA4D58333}.Release|Any CPU.Build.0 = Release|Any CPU
		{B28979B0-B655-4F15-8B62-00B8080AD974}.Debug|Any CPU.ActiveCfg = Debug|Any CPU
		{B28979B0-B655-4F15-8B62-00B8080AD974}.Debug|Any CPU.Build.0 = Debug|Any CPU
		{B28979B0-B655-4F15-8B62-00B8080AD974}.Release|Any CPU.ActiveCfg = Release|Any CPU
		{B28979B0-B655-4F15-8B62-00B8080AD974}.Release|Any CPU.Build.0 = Release|Any CPU
	EndGlobalSection
	GlobalSection(SolutionProperties) = preSolution
		HideSolutionNode = FALSE
	EndGlobalSection
	GlobalSection(NestedProjects) = preSolution
		{E99C2869-2819-45FD-8D31-C7F59339C3F5} = {930E6401-6C9E-4C92-8524-5B9D51EB95A6}
		{34569157-E93E-4087-947A-9E1F36945098} = {7A69DF6E-18D5-4C06-A1E4-BB0F2AB2B6AE}
		{0DF6EBB5-04EC-4895-911A-1894C0BC9027} = {EE70E2C0-B2C2-4371-9B35-1409779764AF}
		{7A69DF6E-18D5-4C06-A1E4-BB0F2AB2B6AE} = {EE70E2C0-B2C2-4371-9B35-1409779764AF}
		{930E6401-6C9E-4C92-8524-5B9D51EB95A6} = {EE70E2C0-B2C2-4371-9B35-1409779764AF}
		{E5F8782D-E92D-4F26-A400-0439400FF8D0} = {0DF6EBB5-04EC-4895-911A-1894C0BC9027}
		{42E9EFB4-22C3-405F-BA7E-CA24105BFCB8} = {7A69DF6E-18D5-4C06-A1E4-BB0F2AB2B6AE}
		{90402852-B9FB-488C-ABA9-0C6DA4D58333} = {930E6401-6C9E-4C92-8524-5B9D51EB95A6}
		{B28979B0-B655-4F15-8B62-00B8080AD974} = {4EDDF6A7-C2C0-4E76-8893-33F887C0075B}
	EndGlobalSection
	GlobalSection(ExtensibilityGlobals) = postSolution
		SolutionGuid = {D0C35345-F6CC-4182-9944-3C9ED99B12C3}
	EndGlobalSection
EndGlobal
